
Microsoft Visual Studio Solution File, Format Version 12.00
# Visual Studio Version 16
VisualStudioVersion = 16.0.31025.194
MinimumVisualStudioVersion = 10.0.40219.1
Project("{FAE04EC0-301F-11D3-BF4B-00C04F79EFBC}") = "ASP.NET", "ASP.NET\ASP.NET.csproj", "{7C11F0DF-33C1-426B-A274-74D7559963DE}"
EndProject
Project("{FAE04EC0-301F-11D3-BF4B-00C04F79EFBC}") = "EjercicioPropuesto2ASP", "EjercicioPropuesto2ASP\EjercicioPropuesto2ASP.csproj", "{0C4A0082-2E29-4B82-92FC-D54BBE6FB73A}"
EndProject
Project("{FAE04EC0-301F-11D3-BF4B-00C04F79EFBC}") = "EjemplosValidacion", "EjemplosValidacion\EjemplosValidacion.csproj", "{8C7CB0D8-B53A-437F-B539-A555870EAEB8}"
EndProject
Global
	GlobalSection(SolutionConfigurationPlatforms) = preSolution
		Debug|Any CPU = Debug|Any CPU
		Release|Any CPU = Release|Any CPU
	EndGlobalSection
	GlobalSection(ProjectConfigurationPlatforms) = postSolution
		{7C11F0DF-33C1-426B-A274-74D7559963DE}.Debug|Any CPU.ActiveCfg = Debug|Any CPU
		{7C11F0DF-33C1-426B-A274-74D7559963DE}.Debug|Any CPU.Build.0 = Debug|Any CPU
		{7C11F0DF-33C1-426B-A274-74D7559963DE}.Release|Any CPU.ActiveCfg = Release|Any CPU
		{7C11F0DF-33C1-426B-A274-74D7559963DE}.Release|Any CPU.Build.0 = Release|Any CPU
		{0C4A0082-2E29-4B82-92FC-D54BBE6FB73A}.Debug|Any CPU.ActiveCfg = Debug|Any CPU
		{0C4A0082-2E29-4B82-92FC-D54BBE6FB73A}.Debug|Any CPU.Build.0 = Debug|Any CPU
		{0C4A0082-2E29-4B82-92FC-D54BBE6FB73A}.Release|Any CPU.ActiveCfg = Release|Any CPU
		{0C4A0082-2E29-4B82-92FC-D54BBE6FB73A}.Release|Any CPU.Build.0 = Release|Any CPU
		{8C7CB0D8-B53A-437F-B539-A555870EAEB8}.Debug|Any CPU.ActiveCfg = Debug|Any CPU
		{8C7CB0D8-B53A-437F-B539-A555870EAEB8}.Debug|Any CPU.Build.0 = Debug|Any CPU
		{8C7CB0D8-B53A-437F-B539-A555870EAEB8}.Release|Any CPU.ActiveCfg = Release|Any CPU
		{8C7CB0D8-B53A-437F-B539-A555870EAEB8}.Release|Any CPU.Build.0 = Release|Any CPU
	EndGlobalSection
	GlobalSection(SolutionProperties) = preSolution
		HideSolutionNode = FALSE
	EndGlobalSection
	GlobalSection(ExtensibilityGlobals) = postSolution
		SolutionGuid = {76824B1B-B7C8-4A53-B445-45654485256E}
	EndGlobalSection
EndGlobal
