
Microsoft Visual Studio Solution File, Format Version 12.00
# Visual Studio Version 16
VisualStudioVersion = 16.0.31025.194
MinimumVisualStudioVersion = 10.0.40219.1
Project("{FAE04EC0-301F-11D3-BF4B-00C04F79EFBC}") = "Linqjueves", "Linqjueves\Linqjueves.csproj", "{039CCA49-8D10-439D-988A-37DC36BA79ED}"
EndProject
Global
	GlobalSection(SolutionConfigurationPlatforms) = preSolution
		Debug|Any CPU = Debug|Any CPU
		Release|Any CPU = Release|Any CPU
	EndGlobalSection
	GlobalSection(ProjectConfigurationPlatforms) = postSolution
		{039CCA49-8D10-439D-988A-37DC36BA79ED}.Debug|Any CPU.ActiveCfg = Debug|Any CPU
		{039CCA49-8D10-439D-988A-37DC36BA79ED}.Debug|Any CPU.Build.0 = Debug|Any CPU
		{039CCA49-8D10-439D-988A-37DC36BA79ED}.Release|Any CPU.ActiveCfg = Release|Any CPU
		{039CCA49-8D10-439D-988A-37DC36BA79ED}.Release|Any CPU.Build.0 = Release|Any CPU
	EndGlobalSection
	GlobalSection(SolutionProperties) = preSolution
		HideSolutionNode = FALSE
	EndGlobalSection
	GlobalSection(ExtensibilityGlobals) = postSolution
		SolutionGuid = {121B7EDB-F4B2-427D-A117-E11F10DC7C12}
	EndGlobalSection
EndGlobal
