
Microsoft Visual Studio Solution File, Format Version 12.00
# Visual Studio Version 16
VisualStudioVersion = 16.0.31025.194
MinimumVisualStudioVersion = 10.0.40219.1
Project("{FAE04EC0-301F-11D3-BF4B-00C04F79EFBC}") = "ModelFirstCodeFirst", "ModelFirstCodeFirst\ModelFirstCodeFirst.csproj", "{21B31953-806F-444E-A2C1-FB84F3E05032}"
EndProject
Global
	GlobalSection(SolutionConfigurationPlatforms) = preSolution
		Debug|Any CPU = Debug|Any CPU
		Release|Any CPU = Release|Any CPU
	EndGlobalSection
	GlobalSection(ProjectConfigurationPlatforms) = postSolution
		{21B31953-806F-444E-A2C1-FB84F3E05032}.Debug|Any CPU.ActiveCfg = Debug|Any CPU
		{21B31953-806F-444E-A2C1-FB84F3E05032}.Debug|Any CPU.Build.0 = Debug|Any CPU
		{21B31953-806F-444E-A2C1-FB84F3E05032}.Release|Any CPU.ActiveCfg = Release|Any CPU
		{21B31953-806F-444E-A2C1-FB84F3E05032}.Release|Any CPU.Build.0 = Release|Any CPU
	EndGlobalSection
	GlobalSection(SolutionProperties) = preSolution
		HideSolutionNode = FALSE
	EndGlobalSection
	GlobalSection(ExtensibilityGlobals) = postSolution
		SolutionGuid = {1F287669-2902-4900-AC04-9D927B9726C6}
	EndGlobalSection
EndGlobal
