
Microsoft Visual Studio Solution File, Format Version 12.00
# Visual Studio Version 16
VisualStudioVersion = 16.0.31025.194
MinimumVisualStudioVersion = 10.0.40219.1
Project("{FAE04EC0-301F-11D3-BF4B-00C04F79EFBC}") = "EjercicioRazorMartes", "EjercicioRazorMartes\EjercicioRazorMartes.csproj", "{3D038EC3-88A3-4F9F-B755-8AE6520DF08A}"
EndProject
Global
	GlobalSection(SolutionConfigurationPlatforms) = preSolution
		Debug|Any CPU = Debug|Any CPU
		Release|Any CPU = Release|Any CPU
	EndGlobalSection
	GlobalSection(ProjectConfigurationPlatforms) = postSolution
		{3D038EC3-88A3-4F9F-B755-8AE6520DF08A}.Debug|Any CPU.ActiveCfg = Debug|Any CPU
		{3D038EC3-88A3-4F9F-B755-8AE6520DF08A}.Debug|Any CPU.Build.0 = Debug|Any CPU
		{3D038EC3-88A3-4F9F-B755-8AE6520DF08A}.Release|Any CPU.ActiveCfg = Release|Any CPU
		{3D038EC3-88A3-4F9F-B755-8AE6520DF08A}.Release|Any CPU.Build.0 = Release|Any CPU
	EndGlobalSection
	GlobalSection(SolutionProperties) = preSolution
		HideSolutionNode = FALSE
	EndGlobalSection
	GlobalSection(ExtensibilityGlobals) = postSolution
		SolutionGuid = {3D531823-83F4-483D-AA5D-C04BEC9FE692}
	EndGlobalSection
EndGlobal
